
Microsoft Visual Studio Solution File, Format Version 12.00
# Visual Studio Version 17
VisualStudioVersion = 17.2.32616.157
MinimumVisualStudioVersion = 10.0.40219.1
Project("{9A19103F-16F7-4668-BE54-9A1E7A4F7556}") = "DiscordBot", "BLood\DiscordBot.csproj", "{70DBF64D-0F35-4818-B1E1-E8E7E583D8F2}"
EndProject
Global
	GlobalSection(SolutionConfigurationPlatforms) = preSolution
		Debug|Any CPU = Debug|Any CPU
		Release|Any CPU = Release|Any CPU
	EndGlobalSection
	GlobalSection(ProjectConfigurationPlatforms) = postSolution
		{70DBF64D-0F35-4818-B1E1-E8E7E583D8F2}.Debug|Any CPU.ActiveCfg = Debug|Any CPU
		{70DBF64D-0F35-4818-B1E1-E8E7E583D8F2}.Debug|Any CPU.Build.0 = Debug|Any CPU
		{70DBF64D-0F35-4818-B1E1-E8E7E583D8F2}.Release|Any CPU.ActiveCfg = Release|Any CPU
		{70DBF64D-0F35-4818-B1E1-E8E7E583D8F2}.Release|Any CPU.Build.0 = Release|Any CPU
	EndGlobalSection
	GlobalSection(SolutionProperties) = preSolution
		HideSolutionNode = FALSE
	EndGlobalSection
	GlobalSection(ExtensibilityGlobals) = postSolution
		SolutionGuid = {C01A4D7A-3F6C-4A16-B1CE-A09CEB385940}
	EndGlobalSection
EndGlobal
